
Microsoft Visual Studio Solution File, Format Version 12.00
# Visual Studio 15
VisualStudioVersion = 15.0.28307.572
MinimumVisualStudioVersion = 10.0.40219.1
Project("{FAE04EC0-301F-11D3-BF4B-00C04F79EFBC}") = "ExpenseTracker.Android", "ExpenseTracker\ExpenseTracker.Android\ExpenseTracker.Android.csproj", "{35E261A3-9648-4122-AEBB-FF78C76726A9}"
EndProject
Project("{FAE04EC0-301F-11D3-BF4B-00C04F79EFBC}") = "ExpenseTracker.iOS", "ExpenseTracker\ExpenseTracker.iOS\ExpenseTracker.iOS.csproj", "{88EAC183-DFC4-45EC-B324-86B04789D5D4}"
EndProject
Project("{FAE04EC0-301F-11D3-BF4B-00C04F79EFBC}") = "ExpenseTracker", "ExpenseTracker\ExpenseTracker\ExpenseTracker.csproj", "{A7C62D67-F231-4524-99BB-1E12609A6869}"
EndProject
Global
	GlobalSection(SolutionConfigurationPlatforms) = preSolution
		Ad-Hoc|Any CPU = Ad-Hoc|Any CPU
		Ad-Hoc|iPhone = Ad-Hoc|iPhone
		Ad-Hoc|iPhoneSimulator = Ad-Hoc|iPhoneSimulator
		AppStore|Any CPU = AppStore|Any CPU
		AppStore|iPhone = AppStore|iPhone
		AppStore|iPhoneSimulator = AppStore|iPhoneSimulator
		Debug|Any CPU = Debug|Any CPU
		Debug|iPhone = Debug|iPhone
		Debug|iPhoneSimulator = Debug|iPhoneSimulator
		Release|Any CPU = Release|Any CPU
		Release|iPhone = Release|iPhone
		Release|iPhoneSimulator = Release|iPhoneSimulator
	EndGlobalSection
	GlobalSection(ProjectConfigurationPlatforms) = postSolution
		{35E261A3-9648-4122-AEBB-FF78C76726A9}.Ad-Hoc|Any CPU.ActiveCfg = Release|Any CPU
		{35E261A3-9648-4122-AEBB-FF78C76726A9}.Ad-Hoc|Any CPU.Build.0 = Release|Any CPU
		{35E261A3-9648-4122-AEBB-FF78C76726A9}.Ad-Hoc|Any CPU.Deploy.0 = Release|Any CPU
		{35E261A3-9648-4122-AEBB-FF78C76726A9}.Ad-Hoc|iPhone.ActiveCfg = Release|Any CPU
		{35E261A3-9648-4122-AEBB-FF78C76726A9}.Ad-Hoc|iPhone.Build.0 = Release|Any CPU
		{35E261A3-9648-4122-AEBB-FF78C76726A9}.Ad-Hoc|iPhone.Deploy.0 = Release|Any CPU
		{35E261A3-9648-4122-AEBB-FF78C76726A9}.Ad-Hoc|iPhoneSimulator.ActiveCfg = Release|Any CPU
		{35E261A3-9648-4122-AEBB-FF78C76726A9}.Ad-Hoc|iPhoneSimulator.Build.0 = Release|Any CPU
		{35E261A3-9648-4122-AEBB-FF78C76726A9}.Ad-Hoc|iPhoneSimulator.Deploy.0 = Release|Any CPU
		{35E261A3-9648-4122-AEBB-FF78C76726A9}.AppStore|Any CPU.ActiveCfg = Release|Any CPU
		{35E261A3-9648-4122-AEBB-FF78C76726A9}.AppStore|Any CPU.Build.0 = Release|Any CPU
		{35E261A3-9648-4122-AEBB-FF78C76726A9}.AppStore|Any CPU.Deploy.0 = Release|Any CPU
		{35E261A3-9648-4122-AEBB-FF78C76726A9}.AppStore|iPhone.ActiveCfg = Release|Any CPU
		{35E261A3-9648-4122-AEBB-FF78C76726A9}.AppStore|iPhone.Build.0 = Release|Any CPU
		{35E261A3-9648-4122-AEBB-FF78C76726A9}.AppStore|iPhone.Deploy.0 = Release|Any CPU
		{35E261A3-9648-4122-AEBB-FF78C76726A9}.AppStore|iPhoneSimulator.ActiveCfg = Release|Any CPU
		{35E261A3-9648-4122-AEBB-FF78C76726A9}.AppStore|iPhoneSimulator.Build.0 = Release|Any CPU
		{35E261A3-9648-4122-AEBB-FF78C76726A9}.AppStore|iPhoneSimulator.Deploy.0 = Release|Any CPU
		{35E261A3-9648-4122-AEBB-FF78C76726A9}.Debug|Any CPU.ActiveCfg = Debug|Any CPU
		{35E261A3-9648-4122-AEBB-FF78C76726A9}.Debug|Any CPU.Build.0 = Debug|Any CPU
		{35E261A3-9648-4122-AEBB-FF78C76726A9}.Debug|Any CPU.Deploy.0 = Debug|Any CPU
		{35E261A3-9648-4122-AEBB-FF78C76726A9}.Debug|iPhone.ActiveCfg = Debug|Any CPU
		{35E261A3-9648-4122-AEBB-FF78C76726A9}.Debug|iPhone.Build.0 = Debug|Any CPU
		{35E261A3-9648-4122-AEBB-FF78C76726A9}.Debug|iPhone.Deploy.0 = Debug|Any CPU
		{35E261A3-9648-4122-AEBB-FF78C76726A9}.Debug|iPhoneSimulator.ActiveCfg = Debug|Any CPU
		{35E261A3-9648-4122-AEBB-FF78C76726A9}.Debug|iPhoneSimulator.Build.0 = Debug|Any CPU
		{35E261A3-9648-4122-AEBB-FF78C76726A9}.Debug|iPhoneSimulator.Deploy.0 = Debug|Any CPU
		{35E261A3-9648-4122-AEBB-FF78C76726A9}.Release|Any CPU.ActiveCfg = Release|Any CPU
		{35E261A3-9648-4122-AEBB-FF78C76726A9}.Release|Any CPU.Build.0 = Release|Any CPU
		{35E261A3-9648-4122-AEBB-FF78C76726A9}.Release|Any CPU.Deploy.0 = Release|Any CPU
		{35E261A3-9648-4122-AEBB-FF78C76726A9}.Release|iPhone.ActiveCfg = Release|Any CPU
		{35E261A3-9648-4122-AEBB-FF78C76726A9}.Release|iPhone.Build.0 = Release|Any CPU
		{35E261A3-9648-4122-AEBB-FF78C76726A9}.Release|iPhone.Deploy.0 = Release|Any CPU
		{35E261A3-9648-4122-AEBB-FF78C76726A9}.Release|iPhoneSimulator.ActiveCfg = Release|Any CPU
		{35E261A3-9648-4122-AEBB-FF78C76726A9}.Release|iPhoneSimulator.Build.0 = Release|Any CPU
		{35E261A3-9648-4122-AEBB-FF78C76726A9}.Release|iPhoneSimulator.Deploy.0 = Release|Any CPU
		{88EAC183-DFC4-45EC-B324-86B04789D5D4}.Ad-Hoc|Any CPU.ActiveCfg = Ad-Hoc|iPhone
		{88EAC183-DFC4-45EC-B324-86B04789D5D4}.Ad-Hoc|Any CPU.Build.0 = Ad-Hoc|iPhone
		{88EAC183-DFC4-45EC-B324-86B04789D5D4}.Ad-Hoc|Any CPU.Deploy.0 = Ad-Hoc|iPhone
		{88EAC183-DFC4-45EC-B324-86B04789D5D4}.Ad-Hoc|iPhone.ActiveCfg = Ad-Hoc|iPhone
		{88EAC183-DFC4-45EC-B324-86B04789D5D4}.Ad-Hoc|iPhone.Build.0 = Ad-Hoc|iPhone
		{88EAC183-DFC4-45EC-B324-86B04789D5D4}.Ad-Hoc|iPhone.Deploy.0 = Ad-Hoc|iPhone
		{88EAC183-DFC4-45EC-B324-86B04789D5D4}.Ad-Hoc|iPhoneSimulator.ActiveCfg = Ad-Hoc|iPhoneSimulator
		{88EAC183-DFC4-45EC-B324-86B04789D5D4}.Ad-Hoc|iPhoneSimulator.Build.0 = Ad-Hoc|iPhoneSimulator
		{88EAC183-DFC4-45EC-B324-86B04789D5D4}.Ad-Hoc|iPhoneSimulator.Deploy.0 = Ad-Hoc|iPhoneSimulator
		{88EAC183-DFC4-45EC-B324-86B04789D5D4}.AppStore|Any CPU.ActiveCfg = AppStore|iPhone
		{88EAC183-DFC4-45EC-B324-86B04789D5D4}.AppStore|Any CPU.Build.0 = AppStore|iPhone
		{88EAC183-DFC4-45EC-B324-86B04789D5D4}.AppStore|Any CPU.Deploy.0 = AppStore|iPhone
		{88EAC183-DFC4-45EC-B324-86B04789D5D4}.AppStore|iPhone.ActiveCfg = AppStore|iPhone
		{88EAC183-DFC4-45EC-B324-86B04789D5D4}.AppStore|iPhone.Build.0 = AppStore|iPhone
		{88EAC183-DFC4-45EC-B324-86B04789D5D4}.AppStore|iPhone.Deploy.0 = AppStore|iPhone
		{88EAC183-DFC4-45EC-B324-86B04789D5D4}.AppStore|iPhoneSimulator.ActiveCfg = AppStore|iPhoneSimulator
		{88EAC183-DFC4-45EC-B324-86B04789D5D4}.AppStore|iPhoneSimulator.Build.0 = AppStore|iPhoneSimulator
		{88EAC183-DFC4-45EC-B324-86B04789D5D4}.AppStore|iPhoneSimulator.Deploy.0 = AppStore|iPhoneSimulator
		{88EAC183-DFC4-45EC-B324-86B04789D5D4}.Debug|Any CPU.ActiveCfg = Debug|iPhoneSimulator
		{88EAC183-DFC4-45EC-B324-86B04789D5D4}.Debug|Any CPU.Build.0 = Debug|iPhoneSimulator
		{88EAC183-DFC4-45EC-B324-86B04789D5D4}.Debug|Any CPU.Deploy.0 = Debug|iPhoneSimulator
		{88EAC183-DFC4-45EC-B324-86B04789D5D4}.Debug|iPhone.ActiveCfg = Debug|iPhone
		{88EAC183-DFC4-45EC-B324-86B04789D5D4}.Debug|iPhone.Build.0 = Debug|iPhone
		{88EAC183-DFC4-45EC-B324-86B04789D5D4}.Debug|iPhone.Deploy.0 = Debug|iPhone
		{88EAC183-DFC4-45EC-B324-86B04789D5D4}.Debug|iPhoneSimulator.ActiveCfg = Debug|iPhoneSimulator
		{88EAC183-DFC4-45EC-B324-86B04789D5D4}.Debug|iPhoneSimulator.Build.0 = Debug|iPhoneSimulator
		{88EAC183-DFC4-45EC-B324-86B04789D5D4}.Debug|iPhoneSimulator.Deploy.0 = Debug|iPhoneSimulator
		{88EAC183-DFC4-45EC-B324-86B04789D5D4}.Release|Any CPU.ActiveCfg = Release|iPhone
		{88EAC183-DFC4-45EC-B324-86B04789D5D4}.Release|Any CPU.Build.0 = Release|iPhone
		{88EAC183-DFC4-45EC-B324-86B04789D5D4}.Release|Any CPU.Deploy.0 = Release|iPhone
		{88EAC183-DFC4-45EC-B324-86B04789D5D4}.Release|iPhone.ActiveCfg = Release|iPhone
		{88EAC183-DFC4-45EC-B324-86B04789D5D4}.Release|iPhone.Build.0 = Release|iPhone
		{88EAC183-DFC4-45EC-B324-86B04789D5D4}.Release|iPhone.Deploy.0 = Release|iPhone
		{88EAC183-DFC4-45EC-B324-86B04789D5D4}.Release|iPhoneSimulator.ActiveCfg = Release|iPhoneSimulator
		{88EAC183-DFC4-45EC-B324-86B04789D5D4}.Release|iPhoneSimulator.Build.0 = Release|iPhoneSimulator
		{88EAC183-DFC4-45EC-B324-86B04789D5D4}.Release|iPhoneSimulator.Deploy.0 = Release|iPhoneSimulator
		{A7C62D67-F231-4524-99BB-1E12609A6869}.Ad-Hoc|Any CPU.ActiveCfg = Debug|Any CPU
		{A7C62D67-F231-4524-99BB-1E12609A6869}.Ad-Hoc|Any CPU.Build.0 = Debug|Any CPU
		{A7C62D67-F231-4524-99BB-1E12609A6869}.Ad-Hoc|Any CPU.Deploy.0 = Debug|Any CPU
		{A7C62D67-F231-4524-99BB-1E12609A6869}.Ad-Hoc|iPhone.ActiveCfg = Debug|Any CPU
		{A7C62D67-F231-4524-99BB-1E12609A6869}.Ad-Hoc|iPhone.Build.0 = Debug|Any CPU
		{A7C62D67-F231-4524-99BB-1E12609A6869}.Ad-Hoc|iPhone.Deploy.0 = Debug|Any CPU
		{A7C62D67-F231-4524-99BB-1E12609A6869}.Ad-Hoc|iPhoneSimulator.ActiveCfg = Debug|Any CPU
		{A7C62D67-F231-4524-99BB-1E12609A6869}.Ad-Hoc|iPhoneSimulator.Build.0 = Debug|Any CPU
		{A7C62D67-F231-4524-99BB-1E12609A6869}.Ad-Hoc|iPhoneSimulator.Deploy.0 = Debug|Any CPU
		{A7C62D67-F231-4524-99BB-1E12609A6869}.AppStore|Any CPU.ActiveCfg = Debug|Any CPU
		{A7C62D67-F231-4524-99BB-1E12609A6869}.AppStore|Any CPU.Build.0 = Debug|Any CPU
		{A7C62D67-F231-4524-99BB-1E12609A6869}.AppStore|Any CPU.Deploy.0 = Debug|Any CPU
		{A7C62D67-F231-4524-99BB-1E12609A6869}.AppStore|iPhone.ActiveCfg = Debug|Any CPU
		{A7C62D67-F231-4524-99BB-1E12609A6869}.AppStore|iPhone.Build.0 = Debug|Any CPU
		{A7C62D67-F231-4524-99BB-1E12609A6869}.AppStore|iPhone.Deploy.0 = Debug|Any CPU
		{A7C62D67-F231-4524-99BB-1E12609A6869}.AppStore|iPhoneSimulator.ActiveCfg = Debug|Any CPU
		{A7C62D67-F231-4524-99BB-1E12609A6869}.AppStore|iPhoneSimulator.Build.0 = Debug|Any CPU
		{A7C62D67-F231-4524-99BB-1E12609A6869}.AppStore|iPhoneSimulator.Deploy.0 = Debug|Any CPU
		{A7C62D67-F231-4524-99BB-1E12609A6869}.Debug|Any CPU.ActiveCfg = Debug|Any CPU
		{A7C62D67-F231-4524-99BB-1E12609A6869}.Debug|Any CPU.Build.0 = Debug|Any CPU
		{A7C62D67-F231-4524-99BB-1E12609A6869}.Debug|Any CPU.Deploy.0 = Debug|Any CPU
		{A7C62D67-F231-4524-99BB-1E12609A6869}.Debug|iPhone.ActiveCfg = Debug|Any CPU
		{A7C62D67-F231-4524-99BB-1E12609A6869}.Debug|iPhone.Build.0 = Debug|Any CPU
		{A7C62D67-F231-4524-99BB-1E12609A6869}.Debug|iPhone.Deploy.0 = Debug|Any CPU
		{A7C62D67-F231-4524-99BB-1E12609A6869}.Debug|iPhoneSimulator.ActiveCfg = Debug|Any CPU
		{A7C62D67-F231-4524-99BB-1E12609A6869}.Debug|iPhoneSimulator.Build.0 = Debug|Any CPU
		{A7C62D67-F231-4524-99BB-1E12609A6869}.Debug|iPhoneSimulator.Deploy.0 = Debug|Any CPU
		{A7C62D67-F231-4524-99BB-1E12609A6869}.Release|Any CPU.ActiveCfg = Release|Any CPU
		{A7C62D67-F231-4524-99BB-1E12609A6869}.Release|Any CPU.Build.0 = Release|Any CPU
		{A7C62D67-F231-4524-99BB-1E12609A6869}.Release|Any CPU.Deploy.0 = Release|Any CPU
		{A7C62D67-F231-4524-99BB-1E12609A6869}.Release|iPhone.ActiveCfg = Release|Any CPU
		{A7C62D67-F231-4524-99BB-1E12609A6869}.Release|iPhone.Build.0 = Release|Any CPU
		{A7C62D67-F231-4524-99BB-1E12609A6869}.Release|iPhone.Deploy.0 = Release|Any CPU
		{A7C62D67-F231-4524-99BB-1E12609A6869}.Release|iPhoneSimulator.ActiveCfg = Release|Any CPU
		{A7C62D67-F231-4524-99BB-1E12609A6869}.Release|iPhoneSimulator.Build.0 = Release|Any CPU
		{A7C62D67-F231-4524-99BB-1E12609A6869}.Release|iPhoneSimulator.Deploy.0 = Release|Any CPU
	EndGlobalSection
	GlobalSection(SolutionProperties) = preSolution
		HideSolutionNode = FALSE
	EndGlobalSection
	GlobalSection(ExtensibilityGlobals) = postSolution
		SolutionGuid = {0371D1AF-AD16-4375-9AAF-ACAC63E59313}
	EndGlobalSection
EndGlobal
